// !$*UTF8*$!
{
	archiveVersion = 1;
	classes = {
	};
	objectVersion = 55;
	objects = {

/* Begin PBXBuildFile section */
		0BA6E4D3658282E7A8B1C4F3 /* Pods_Offline_Info_Offline_InfoUITests.framework in Frameworks */ = {isa = PBXBuildFile; fileRef = 338FAB0264BD7253D2C39D83 /* Pods_Offline_Info_Offline_InfoUITests.framework */; };
		233AE5CB2901ED040049C031 /* AppDelegate.swift in Sources */ = {isa = PBXBuildFile; fileRef = 233AE5CA2901ED040049C031 /* AppDelegate.swift */; };
		233AE5CD2901ED040049C031 /* SceneDelegate.swift in Sources */ = {isa = PBXBuildFile; fileRef = 233AE5CC2901ED040049C031 /* SceneDelegate.swift */; };
		233AE5CF2901ED040049C031 /* MainViewController.swift in Sources */ = {isa = PBXBuildFile; fileRef = 233AE5CE2901ED040049C031 /* MainViewController.swift */; };
		233AE5D42901ED0C0049C031 /* Assets.xcassets in Resources */ = {isa = PBXBuildFile; fileRef = 233AE5D32901ED0C0049C031 /* Assets.xcassets */; };
		233AE5D72901ED0C0049C031 /* LaunchScreen.storyboard in Resources */ = {isa = PBXBuildFile; fileRef = 233AE5D52901ED0C0049C031 /* LaunchScreen.storyboard */; };
		233AE5E22901ED0C0049C031 /* Offline_InfoTests.swift in Sources */ = {isa = PBXBuildFile; fileRef = 233AE5E12901ED0C0049C031 /* Offline_InfoTests.swift */; };
		233AE5EC2901ED0C0049C031 /* Offline_InfoUITests.swift in Sources */ = {isa = PBXBuildFile; fileRef = 233AE5EB2901ED0C0049C031 /* Offline_InfoUITests.swift */; };
		233AE5EE2901ED0C0049C031 /* Offline_InfoUITestsLaunchTests.swift in Sources */ = {isa = PBXBuildFile; fileRef = 233AE5ED2901ED0C0049C031 /* Offline_InfoUITestsLaunchTests.swift */; };
		233AE5FF2904B35F0049C031 /* PhoneCodesViewController.swift in Sources */ = {isa = PBXBuildFile; fileRef = 233AE5FE2904B35F0049C031 /* PhoneCodesViewController.swift */; };
		233AE6092905F1550049C031 /* PhoneCodesInfo.swift in Sources */ = {isa = PBXBuildFile; fileRef = 233AE6082905F1550049C031 /* PhoneCodesInfo.swift */; };
		2391D3082907525200521C78 /* DataManager.swift in Sources */ = {isa = PBXBuildFile; fileRef = 2391D3072907525200521C78 /* DataManager.swift */; };
		2391D30C290B5C2700521C78 /* PhoneCodesCell.swift in Sources */ = {isa = PBXBuildFile; fileRef = 2391D30B290B5C2700521C78 /* PhoneCodesCell.swift */; };
		2391D30E2912D8F900521C78 /* UIview+Ext.swift in Sources */ = {isa = PBXBuildFile; fileRef = 2391D30D2912D8F800521C78 /* UIview+Ext.swift */; };
		2391D3112916F4A000521C78 /* TextConverterViewController.swift in Sources */ = {isa = PBXBuildFile; fileRef = 2391D3102916F49F00521C78 /* TextConverterViewController.swift */; };
		23C97D012926E1450014200C /* ColorCodesViewController.swift in Sources */ = {isa = PBXBuildFile; fileRef = 23C97D002926E1450014200C /* ColorCodesViewController.swift */; };
		E550F0A230CF9F606E67C8E4 /* Pods_Offline_InfoTests.framework in Frameworks */ = {isa = PBXBuildFile; fileRef = 0F2ADEBEB3B913F50D91DA72 /* Pods_Offline_InfoTests.framework */; };
		F23D80512C035ED317F0CD7C /* Pods_Offline_Info.framework in Frameworks */ = {isa = PBXBuildFile; fileRef = 957640757D29F64EE53994EC /* Pods_Offline_Info.framework */; };
/* End PBXBuildFile section */

/* Begin PBXContainerItemProxy section */
		233AE5DE2901ED0C0049C031 /* PBXContainerItemProxy */ = {
			isa = PBXContainerItemProxy;
			containerPortal = 233AE5BF2901ED040049C031 /* Project object */;
			proxyType = 1;
			remoteGlobalIDString = 233AE5C62901ED040049C031;
			remoteInfo = "Offline Info";
		};
		233AE5E82901ED0C0049C031 /* PBXContainerItemProxy */ = {
			isa = PBXContainerItemProxy;
			containerPortal = 233AE5BF2901ED040049C031 /* Project object */;
			proxyType = 1;
			remoteGlobalIDString = 233AE5C62901ED040049C031;
			remoteInfo = "Offline Info";
		};
/* End PBXContainerItemProxy section */

/* Begin PBXFileReference section */
		0F2ADEBEB3B913F50D91DA72 /* Pods_Offline_InfoTests.framework */ = {isa = PBXFileReference; explicitFileType = wrapper.framework; includeInIndex = 0; path = Pods_Offline_InfoTests.framework; sourceTree = BUILT_PRODUCTS_DIR; };
		1F576BE46C3A247ADDA7D87A /* Pods-Offline InfoTests.release.xcconfig */ = {isa = PBXFileReference; includeInIndex = 1; lastKnownFileType = text.xcconfig; name = "Pods-Offline InfoTests.release.xcconfig"; path = "Target Support Files/Pods-Offline InfoTests/Pods-Offline InfoTests.release.xcconfig"; sourceTree = "<group>"; };
		233AE5C72901ED040049C031 /* Offline Info.app */ = {isa = PBXFileReference; explicitFileType = wrapper.application; includeInIndex = 0; path = "Offline Info.app"; sourceTree = BUILT_PRODUCTS_DIR; };
		233AE5CA2901ED040049C031 /* AppDelegate.swift */ = {isa = PBXFileReference; lastKnownFileType = sourcecode.swift; path = AppDelegate.swift; sourceTree = "<group>"; };
		233AE5CC2901ED040049C031 /* SceneDelegate.swift */ = {isa = PBXFileReference; lastKnownFileType = sourcecode.swift; path = SceneDelegate.swift; sourceTree = "<group>"; };
		233AE5CE2901ED040049C031 /* MainViewController.swift */ = {isa = PBXFileReference; lastKnownFileType = sourcecode.swift; path = MainViewController.swift; sourceTree = "<group>"; };
		233AE5D32901ED0C0049C031 /* Assets.xcassets */ = {isa = PBXFileReference; lastKnownFileType = folder.assetcatalog; path = Assets.xcassets; sourceTree = "<group>"; };
		233AE5D62901ED0C0049C031 /* Base */ = {isa = PBXFileReference; lastKnownFileType = file.storyboard; name = Base; path = Base.lproj/LaunchScreen.storyboard; sourceTree = "<group>"; };
		233AE5D82901ED0C0049C031 /* Info.plist */ = {isa = PBXFileReference; lastKnownFileType = text.plist.xml; path = Info.plist; sourceTree = "<group>"; };
		233AE5DD2901ED0C0049C031 /* Offline InfoTests.xctest */ = {isa = PBXFileReference; explicitFileType = wrapper.cfbundle; includeInIndex = 0; path = "Offline InfoTests.xctest"; sourceTree = BUILT_PRODUCTS_DIR; };
		233AE5E12901ED0C0049C031 /* Offline_InfoTests.swift */ = {isa = PBXFileReference; lastKnownFileType = sourcecode.swift; path = Offline_InfoTests.swift; sourceTree = "<group>"; };
		233AE5E72901ED0C0049C031 /* Offline InfoUITests.xctest */ = {isa = PBXFileReference; explicitFileType = wrapper.cfbundle; includeInIndex = 0; path = "Offline InfoUITests.xctest"; sourceTree = BUILT_PRODUCTS_DIR; };
		233AE5EB2901ED0C0049C031 /* Offline_InfoUITests.swift */ = {isa = PBXFileReference; lastKnownFileType = sourcecode.swift; path = Offline_InfoUITests.swift; sourceTree = "<group>"; };
		233AE5ED2901ED0C0049C031 /* Offline_InfoUITestsLaunchTests.swift */ = {isa = PBXFileReference; lastKnownFileType = sourcecode.swift; path = Offline_InfoUITestsLaunchTests.swift; sourceTree = "<group>"; };
		233AE5FE2904B35F0049C031 /* PhoneCodesViewController.swift */ = {isa = PBXFileReference; lastKnownFileType = sourcecode.swift; path = PhoneCodesViewController.swift; sourceTree = "<group>"; };
		233AE6082905F1550049C031 /* PhoneCodesInfo.swift */ = {isa = PBXFileReference; lastKnownFileType = sourcecode.swift; path = PhoneCodesInfo.swift; sourceTree = "<group>"; };
		2391D3072907525200521C78 /* DataManager.swift */ = {isa = PBXFileReference; lastKnownFileType = sourcecode.swift; path = DataManager.swift; sourceTree = "<group>"; };
		2391D30B290B5C2700521C78 /* PhoneCodesCell.swift */ = {isa = PBXFileReference; lastKnownFileType = sourcecode.swift; path = PhoneCodesCell.swift; sourceTree = "<group>"; };
		2391D30D2912D8F800521C78 /* UIview+Ext.swift */ = {isa = PBXFileReference; lastKnownFileType = sourcecode.swift; path = "UIview+Ext.swift"; sourceTree = "<group>"; };
		2391D3102916F49F00521C78 /* TextConverterViewController.swift */ = {isa = PBXFileReference; lastKnownFileType = sourcecode.swift; path = TextConverterViewController.swift; sourceTree = "<group>"; };
		23C97D002926E1450014200C /* ColorCodesViewController.swift */ = {isa = PBXFileReference; lastKnownFileType = sourcecode.swift; path = ColorCodesViewController.swift; sourceTree = "<group>"; };
		338FAB0264BD7253D2C39D83 /* Pods_Offline_Info_Offline_InfoUITests.framework */ = {isa = PBXFileReference; explicitFileType = wrapper.framework; includeInIndex = 0; path = Pods_Offline_Info_Offline_InfoUITests.framework; sourceTree = BUILT_PRODUCTS_DIR; };
		413A1CC90EEC16A160AF906F /* Pods-Offline Info-Offline InfoUITests.release.xcconfig */ = {isa = PBXFileReference; includeInIndex = 1; lastKnownFileType = text.xcconfig; name = "Pods-Offline Info-Offline InfoUITests.release.xcconfig"; path = "Target Support Files/Pods-Offline Info-Offline InfoUITests/Pods-Offline Info-Offline InfoUITests.release.xcconfig"; sourceTree = "<group>"; };
		4E707449D120951676E93362 /* Pods-Offline InfoTests.debug.xcconfig */ = {isa = PBXFileReference; includeInIndex = 1; lastKnownFileType = text.xcconfig; name = "Pods-Offline InfoTests.debug.xcconfig"; path = "Target Support Files/Pods-Offline InfoTests/Pods-Offline InfoTests.debug.xcconfig"; sourceTree = "<group>"; };
		8D31FB9B11BF765F9919318D /* Pods-Offline Info.release.xcconfig */ = {isa = PBXFileReference; includeInIndex = 1; lastKnownFileType = text.xcconfig; name = "Pods-Offline Info.release.xcconfig"; path = "Target Support Files/Pods-Offline Info/Pods-Offline Info.release.xcconfig"; sourceTree = "<group>"; };
		957640757D29F64EE53994EC /* Pods_Offline_Info.framework */ = {isa = PBXFileReference; explicitFileType = wrapper.framework; includeInIndex = 0; path = Pods_Offline_Info.framework; sourceTree = BUILT_PRODUCTS_DIR; };
		B8EAC4AF709750F0B21E2628 /* Pods-Offline Info.debug.xcconfig */ = {isa = PBXFileReference; includeInIndex = 1; lastKnownFileType = text.xcconfig; name = "Pods-Offline Info.debug.xcconfig"; path = "Target Support Files/Pods-Offline Info/Pods-Offline Info.debug.xcconfig"; sourceTree = "<group>"; };
		CF5076AD46D8D9C2C4658C54 /* Pods-Offline Info-Offline InfoUITests.debug.xcconfig */ = {isa = PBXFileReference; includeInIndex = 1; lastKnownFileType = text.xcconfig; name = "Pods-Offline Info-Offline InfoUITests.debug.xcconfig"; path = "Target Support Files/Pods-Offline Info-Offline InfoUITests/Pods-Offline Info-Offline InfoUITests.debug.xcconfig"; sourceTree = "<group>"; };
/* End PBXFileReference section */

/* Begin PBXFrameworksBuildPhase section */
		233AE5C42901ED040049C031 /* Frameworks */ = {
			isa = PBXFrameworksBuildPhase;
			buildActionMask = 2147483647;
			files = (
				F23D80512C035ED317F0CD7C /* Pods_Offline_Info.framework in Frameworks */,
			);
			runOnlyForDeploymentPostprocessing = 0;
		};
		233AE5DA2901ED0C0049C031 /* Frameworks */ = {
			isa = PBXFrameworksBuildPhase;
			buildActionMask = 2147483647;
			files = (
				E550F0A230CF9F606E67C8E4 /* Pods_Offline_InfoTests.framework in Frameworks */,
			);
			runOnlyForDeploymentPostprocessing = 0;
		};
		233AE5E42901ED0C0049C031 /* Frameworks */ = {
			isa = PBXFrameworksBuildPhase;
			buildActionMask = 2147483647;
			files = (
				0BA6E4D3658282E7A8B1C4F3 /* Pods_Offline_Info_Offline_InfoUITests.framework in Frameworks */,
			);
			runOnlyForDeploymentPostprocessing = 0;
		};
/* End PBXFrameworksBuildPhase section */

/* Begin PBXGroup section */
		103DAFB7A12A2D1CF5D15435 /* Frameworks */ = {
			isa = PBXGroup;
			children = (
				957640757D29F64EE53994EC /* Pods_Offline_Info.framework */,
				338FAB0264BD7253D2C39D83 /* Pods_Offline_Info_Offline_InfoUITests.framework */,
				0F2ADEBEB3B913F50D91DA72 /* Pods_Offline_InfoTests.framework */,
			);
			name = Frameworks;
			sourceTree = "<group>";
		};
		233AE5BE2901ED040049C031 = {
			isa = PBXGroup;
			children = (
				233AE5C92901ED040049C031 /* Offline Info */,
				233AE5E02901ED0C0049C031 /* Offline InfoTests */,
				233AE5EA2901ED0C0049C031 /* Offline InfoUITests */,
				233AE5C82901ED040049C031 /* Products */,
				8FCE9E3DE7E3B5DEF2DF02CC /* Pods */,
				103DAFB7A12A2D1CF5D15435 /* Frameworks */,
			);
			sourceTree = "<group>";
		};
		233AE5C82901ED040049C031 /* Products */ = {
			isa = PBXGroup;
			children = (
				233AE5C72901ED040049C031 /* Offline Info.app */,
				233AE5DD2901ED0C0049C031 /* Offline InfoTests.xctest */,
				233AE5E72901ED0C0049C031 /* Offline InfoUITests.xctest */,
			);
			name = Products;
			sourceTree = "<group>";
		};
		233AE5C92901ED040049C031 /* Offline Info */ = {
			isa = PBXGroup;
			children = (
				23C97CFF2926DE1A0014200C /* ColorCodesViewController */,
				2391D30F2916F46D00521C78 /* TextConverter */,
				233AE6072904C1D00049C031 /* Models */,
				233AE5FB2904B0960049C031 /* App */,
				233AE5FA2904B0870049C031 /* MainViewControllers */,
				233AE5FD2904B0B70049C031 /* Media */,
				233AE5FC2904B0A90049C031 /* LaunchScreen */,
				233AE5D82901ED0C0049C031 /* Info.plist */,
				233AE6002904B3B60049C031 /* PhoneCodes */,
			);
			path = "Offline Info";
			sourceTree = "<group>";
		};
		233AE5E02901ED0C0049C031 /* Offline InfoTests */ = {
			isa = PBXGroup;
			children = (
				233AE5E12901ED0C0049C031 /* Offline_InfoTests.swift */,
			);
			path = "Offline InfoTests";
			sourceTree = "<group>";
		};
		233AE5EA2901ED0C0049C031 /* Offline InfoUITests */ = {
			isa = PBXGroup;
			children = (
				233AE5EB2901ED0C0049C031 /* Offline_InfoUITests.swift */,
				233AE5ED2901ED0C0049C031 /* Offline_InfoUITestsLaunchTests.swift */,
			);
			path = "Offline InfoUITests";
			sourceTree = "<group>";
		};
		233AE5FA2904B0870049C031 /* MainViewControllers */ = {
			isa = PBXGroup;
			children = (
				233AE5CE2901ED040049C031 /* MainViewController.swift */,
			);
			path = MainViewControllers;
			sourceTree = "<group>";
		};
		233AE5FB2904B0960049C031 /* App */ = {
			isa = PBXGroup;
			children = (
				233AE5CC2901ED040049C031 /* SceneDelegate.swift */,
				233AE5CA2901ED040049C031 /* AppDelegate.swift */,
			);
			path = App;
			sourceTree = "<group>";
		};
		233AE5FC2904B0A90049C031 /* LaunchScreen */ = {
			isa = PBXGroup;
			children = (
				233AE5D52901ED0C0049C031 /* LaunchScreen.storyboard */,
			);
			path = LaunchScreen;
			sourceTree = "<group>";
		};
		233AE5FD2904B0B70049C031 /* Media */ = {
			isa = PBXGroup;
			children = (
				233AE5D32901ED0C0049C031 /* Assets.xcassets */,
			);
			path = Media;
			sourceTree = "<group>";
		};
		233AE6002904B3B60049C031 /* PhoneCodes */ = {
			isa = PBXGroup;
			children = (
				233AE5FE2904B35F0049C031 /* PhoneCodesViewController.swift */,
				2391D30B290B5C2700521C78 /* PhoneCodesCell.swift */,
				2391D30D2912D8F800521C78 /* UIview+Ext.swift */,
			);
			path = PhoneCodes;
			sourceTree = "<group>";
		};
		233AE6072904C1D00049C031 /* Models */ = {
			isa = PBXGroup;
			children = (
				233AE6082905F1550049C031 /* PhoneCodesInfo.swift */,
				2391D3072907525200521C78 /* DataManager.swift */,
			);
			path = Models;
			sourceTree = "<group>";
		};
		2391D30F2916F46D00521C78 /* TextConverter */ = {
			isa = PBXGroup;
			children = (
				2391D3102916F49F00521C78 /* TextConverterViewController.swift */,
			);
			path = TextConverter;
			sourceTree = "<group>";
		};
		23C97CFF2926DE1A0014200C /* ColorCodesViewController */ = {
			isa = PBXGroup;
			children = (
				23C97D002926E1450014200C /* ColorCodesViewController.swift */,
			);
			path = ColorCodesViewController;
			sourceTree = "<group>";
		};
		8FCE9E3DE7E3B5DEF2DF02CC /* Pods */ = {
			isa = PBXGroup;
			children = (
				B8EAC4AF709750F0B21E2628 /* Pods-Offline Info.debug.xcconfig */,
				8D31FB9B11BF765F9919318D /* Pods-Offline Info.release.xcconfig */,
				CF5076AD46D8D9C2C4658C54 /* Pods-Offline Info-Offline InfoUITests.debug.xcconfig */,
				413A1CC90EEC16A160AF906F /* Pods-Offline Info-Offline InfoUITests.release.xcconfig */,
				4E707449D120951676E93362 /* Pods-Offline InfoTests.debug.xcconfig */,
				1F576BE46C3A247ADDA7D87A /* Pods-Offline InfoTests.release.xcconfig */,
			);
			path = Pods;
			sourceTree = "<group>";
		};
/* End PBXGroup section */

/* Begin PBXNativeTarget section */
		233AE5C62901ED040049C031 /* Offline Info */ = {
			isa = PBXNativeTarget;
			buildConfigurationList = 233AE5F12901ED0C0049C031 /* Build configuration list for PBXNativeTarget "Offline Info" */;
			buildPhases = (
				5A43A12D0C539D431BBF013F /* [CP] Check Pods Manifest.lock */,
				233AE5C32901ED040049C031 /* Sources */,
				233AE5C42901ED040049C031 /* Frameworks */,
				233AE5C52901ED040049C031 /* Resources */,
				34E5D78E9209F316944C42E8 /* [CP] Embed Pods Frameworks */,
			);
			buildRules = (
			);
			dependencies = (
			);
			name = "Offline Info";
			productName = "Offline Info";
			productReference = 233AE5C72901ED040049C031 /* Offline Info.app */;
			productType = "com.apple.product-type.application";
		};
		233AE5DC2901ED0C0049C031 /* Offline InfoTests */ = {
			isa = PBXNativeTarget;
			buildConfigurationList = 233AE5F42901ED0C0049C031 /* Build configuration list for PBXNativeTarget "Offline InfoTests" */;
			buildPhases = (
				EF9CAABE07B28383C4A3F158 /* [CP] Check Pods Manifest.lock */,
				233AE5D92901ED0C0049C031 /* Sources */,
				233AE5DA2901ED0C0049C031 /* Frameworks */,
				233AE5DB2901ED0C0049C031 /* Resources */,
			);
			buildRules = (
			);
			dependencies = (
				233AE5DF2901ED0C0049C031 /* PBXTargetDependency */,
			);
			name = "Offline InfoTests";
			productName = "Offline InfoTests";
			productReference = 233AE5DD2901ED0C0049C031 /* Offline InfoTests.xctest */;
			productType = "com.apple.product-type.bundle.unit-test";
		};
		233AE5E62901ED0C0049C031 /* Offline InfoUITests */ = {
			isa = PBXNativeTarget;
			buildConfigurationList = 233AE5F72901ED0C0049C031 /* Build configuration list for PBXNativeTarget "Offline InfoUITests" */;
			buildPhases = (
				CC11932CDF8F7CFE24581922 /* [CP] Check Pods Manifest.lock */,
				233AE5E32901ED0C0049C031 /* Sources */,
				233AE5E42901ED0C0049C031 /* Frameworks */,
				233AE5E52901ED0C0049C031 /* Resources */,
				7BBD6B9B571AE2E2DB2769F3 /* [CP] Embed Pods Frameworks */,
			);
			buildRules = (
			);
			dependencies = (
				233AE5E92901ED0C0049C031 /* PBXTargetDependency */,
			);
			name = "Offline InfoUITests";
			productName = "Offline InfoUITests";
			productReference = 233AE5E72901ED0C0049C031 /* Offline InfoUITests.xctest */;
			productType = "com.apple.product-type.bundle.ui-testing";
		};
/* End PBXNativeTarget section */

/* Begin PBXProject section */
		233AE5BF2901ED040049C031 /* Project object */ = {
			isa = PBXProject;
			attributes = {
				BuildIndependentTargetsInParallel = 1;
				LastSwiftUpdateCheck = 1340;
				LastUpgradeCheck = 1340;
				TargetAttributes = {
					233AE5C62901ED040049C031 = {
						CreatedOnToolsVersion = 13.4.1;
					};
					233AE5DC2901ED0C0049C031 = {
						CreatedOnToolsVersion = 13.4.1;
						TestTargetID = 233AE5C62901ED040049C031;
					};
					233AE5E62901ED0C0049C031 = {
						CreatedOnToolsVersion = 13.4.1;
						TestTargetID = 233AE5C62901ED040049C031;
					};
				};
			};
			buildConfigurationList = 233AE5C22901ED040049C031 /* Build configuration list for PBXProject "Offline Info" */;
			compatibilityVersion = "Xcode 13.0";
			developmentRegion = en;
			hasScannedForEncodings = 0;
			knownRegions = (
				en,
				Base,
			);
			mainGroup = 233AE5BE2901ED040049C031;
			productRefGroup = 233AE5C82901ED040049C031 /* Products */;
			projectDirPath = "";
			projectRoot = "";
			targets = (
				233AE5C62901ED040049C031 /* Offline Info */,
				233AE5DC2901ED0C0049C031 /* Offline InfoTests */,
				233AE5E62901ED0C0049C031 /* Offline InfoUITests */,
			);
		};
/* End PBXProject section */

/* Begin PBXResourcesBuildPhase section */
		233AE5C52901ED040049C031 /* Resources */ = {
			isa = PBXResourcesBuildPhase;
			buildActionMask = 2147483647;
			files = (
				233AE5D72901ED0C0049C031 /* LaunchScreen.storyboard in Resources */,
				233AE5D42901ED0C0049C031 /* Assets.xcassets in Resources */,
			);
			runOnlyForDeploymentPostprocessing = 0;
		};
		233AE5DB2901ED0C0049C031 /* Resources */ = {
			isa = PBXResourcesBuildPhase;
			buildActionMask = 2147483647;
			files = (
			);
			runOnlyForDeploymentPostprocessing = 0;
		};
		233AE5E52901ED0C0049C031 /* Resources */ = {
			isa = PBXResourcesBuildPhase;
			buildActionMask = 2147483647;
			files = (
			);
			runOnlyForDeploymentPostprocessing = 0;
		};
/* End PBXResourcesBuildPhase section */

/* Begin PBXShellScriptBuildPhase section */
		34E5D78E9209F316944C42E8 /* [CP] Embed Pods Frameworks */ = {
			isa = PBXShellScriptBuildPhase;
			buildActionMask = 2147483647;
			files = (
			);
			inputFileListPaths = (
				"${PODS_ROOT}/Target Support Files/Pods-Offline Info/Pods-Offline Info-frameworks-${CONFIGURATION}-input-files.xcfilelist",
			);
			name = "[CP] Embed Pods Frameworks";
			outputFileListPaths = (
				"${PODS_ROOT}/Target Support Files/Pods-Offline Info/Pods-Offline Info-frameworks-${CONFIGURATION}-output-files.xcfilelist",
			);
			runOnlyForDeploymentPostprocessing = 0;
			shellPath = /bin/sh;
			shellScript = "\"${PODS_ROOT}/Target Support Files/Pods-Offline Info/Pods-Offline Info-frameworks.sh\"\n";
			showEnvVarsInLog = 0;
		};
		5A43A12D0C539D431BBF013F /* [CP] Check Pods Manifest.lock */ = {
			isa = PBXShellScriptBuildPhase;
			buildActionMask = 2147483647;
			files = (
			);
			inputFileListPaths = (
			);
			inputPaths = (
				"${PODS_PODFILE_DIR_PATH}/Podfile.lock",
				"${PODS_ROOT}/Manifest.lock",
			);
			name = "[CP] Check Pods Manifest.lock";
			outputFileListPaths = (
			);
			outputPaths = (
				"$(DERIVED_FILE_DIR)/Pods-Offline Info-checkManifestLockResult.txt",
			);
			runOnlyForDeploymentPostprocessing = 0;
			shellPath = /bin/sh;
			shellScript = "diff \"${PODS_PODFILE_DIR_PATH}/Podfile.lock\" \"${PODS_ROOT}/Manifest.lock\" > /dev/null\nif [ $? != 0 ] ; then\n    # print error to STDERR\n    echo \"error: The sandbox is not in sync with the Podfile.lock. Run 'pod install' or update your CocoaPods installation.\" >&2\n    exit 1\nfi\n# This output is used by Xcode 'outputs' to avoid re-running this script phase.\necho \"SUCCESS\" > \"${SCRIPT_OUTPUT_FILE_0}\"\n";
			showEnvVarsInLog = 0;
		};
		7BBD6B9B571AE2E2DB2769F3 /* [CP] Embed Pods Frameworks */ = {
			isa = PBXShellScriptBuildPhase;
			buildActionMask = 2147483647;
			files = (
			);
			inputFileListPaths = (
				"${PODS_ROOT}/Target Support Files/Pods-Offline Info-Offline InfoUITests/Pods-Offline Info-Offline InfoUITests-frameworks-${CONFIGURATION}-input-files.xcfilelist",
			);
			name = "[CP] Embed Pods Frameworks";
			outputFileListPaths = (
				"${PODS_ROOT}/Target Support Files/Pods-Offline Info-Offline InfoUITests/Pods-Offline Info-Offline InfoUITests-frameworks-${CONFIGURATION}-output-files.xcfilelist",
			);
			runOnlyForDeploymentPostprocessing = 0;
			shellPath = /bin/sh;
			shellScript = "\"${PODS_ROOT}/Target Support Files/Pods-Offline Info-Offline InfoUITests/Pods-Offline Info-Offline InfoUITests-frameworks.sh\"\n";
			showEnvVarsInLog = 0;
		};
		CC11932CDF8F7CFE24581922 /* [CP] Check Pods Manifest.lock */ = {
			isa = PBXShellScriptBuildPhase;
			buildActionMask = 2147483647;
			files = (
			);
			inputFileListPaths = (
			);
			inputPaths = (
				"${PODS_PODFILE_DIR_PATH}/Podfile.lock",
				"${PODS_ROOT}/Manifest.lock",
			);
			name = "[CP] Check Pods Manifest.lock";
			outputFileListPaths = (
			);
			outputPaths = (
				"$(DERIVED_FILE_DIR)/Pods-Offline Info-Offline InfoUITests-checkManifestLockResult.txt",
			);
			runOnlyForDeploymentPostprocessing = 0;
			shellPath = /bin/sh;
			shellScript = "diff \"${PODS_PODFILE_DIR_PATH}/Podfile.lock\" \"${PODS_ROOT}/Manifest.lock\" > /dev/null\nif [ $? != 0 ] ; then\n    # print error to STDERR\n    echo \"error: The sandbox is not in sync with the Podfile.lock. Run 'pod install' or update your CocoaPods installation.\" >&2\n    exit 1\nfi\n# This output is used by Xcode 'outputs' to avoid re-running this script phase.\necho \"SUCCESS\" > \"${SCRIPT_OUTPUT_FILE_0}\"\n";
			showEnvVarsInLog = 0;
		};
		EF9CAABE07B28383C4A3F158 /* [CP] Check Pods Manifest.lock */ = {
			isa = PBXShellScriptBuildPhase;
			buildActionMask = 2147483647;
			files = (
			);
			inputFileListPaths = (
			);
			inputPaths = (
				"${PODS_PODFILE_DIR_PATH}/Podfile.lock",
				"${PODS_ROOT}/Manifest.lock",
			);
			name = "[CP] Check Pods Manifest.lock";
			outputFileListPaths = (
			);
			outputPaths = (
				"$(DERIVED_FILE_DIR)/Pods-Offline InfoTests-checkManifestLockResult.txt",
			);
			runOnlyForDeploymentPostprocessing = 0;
			shellPath = /bin/sh;
			shellScript = "diff \"${PODS_PODFILE_DIR_PATH}/Podfile.lock\" \"${PODS_ROOT}/Manifest.lock\" > /dev/null\nif [ $? != 0 ] ; then\n    # print error to STDERR\n    echo \"error: The sandbox is not in sync with the Podfile.lock. Run 'pod install' or update your CocoaPods installation.\" >&2\n    exit 1\nfi\n# This output is used by Xcode 'outputs' to avoid re-running this script phase.\necho \"SUCCESS\" > \"${SCRIPT_OUTPUT_FILE_0}\"\n";
			showEnvVarsInLog = 0;
		};
/* End PBXShellScriptBuildPhase section */

/* Begin PBXSourcesBuildPhase section */
		233AE5C32901ED040049C031 /* Sources */ = {
			isa = PBXSourcesBuildPhase;
			buildActionMask = 2147483647;
			files = (
				233AE5FF2904B35F0049C031 /* PhoneCodesViewController.swift in Sources */,
				233AE5CF2901ED040049C031 /* MainViewController.swift in Sources */,
				233AE6092905F1550049C031 /* PhoneCodesInfo.swift in Sources */,
				23C97D012926E1450014200C /* ColorCodesViewController.swift in Sources */,
				233AE5CB2901ED040049C031 /* AppDelegate.swift in Sources */,
				2391D3082907525200521C78 /* DataManager.swift in Sources */,
				2391D3112916F4A000521C78 /* TextConverterViewController.swift in Sources */,
				233AE5CD2901ED040049C031 /* SceneDelegate.swift in Sources */,
				2391D30E2912D8F900521C78 /* UIview+Ext.swift in Sources */,
				2391D30C290B5C2700521C78 /* PhoneCodesCell.swift in Sources */,
			);
			runOnlyForDeploymentPostprocessing = 0;
		};
		233AE5D92901ED0C0049C031 /* Sources */ = {
			isa = PBXSourcesBuildPhase;
			buildActionMask = 2147483647;
			files = (
				233AE5E22901ED0C0049C031 /* Offline_InfoTests.swift in Sources */,
			);
			runOnlyForDeploymentPostprocessing = 0;
		};
		233AE5E32901ED0C0049C031 /* Sources */ = {
			isa = PBXSourcesBuildPhase;
			buildActionMask = 2147483647;
			files = (
				233AE5EE2901ED0C0049C031 /* Offline_InfoUITestsLaunchTests.swift in Sources */,
				233AE5EC2901ED0C0049C031 /* Offline_InfoUITests.swift in Sources */,
			);
			runOnlyForDeploymentPostprocessing = 0;
		};
/* End PBXSourcesBuildPhase section */

/* Begin PBXTargetDependency section */
		233AE5DF2901ED0C0049C031 /* PBXTargetDependency */ = {
			isa = PBXTargetDependency;
			target = 233AE5C62901ED040049C031 /* Offline Info */;
			targetProxy = 233AE5DE2901ED0C0049C031 /* PBXContainerItemProxy */;
		};
		233AE5E92901ED0C0049C031 /* PBXTargetDependency */ = {
			isa = PBXTargetDependency;
			target = 233AE5C62901ED040049C031 /* Offline Info */;
			targetProxy = 233AE5E82901ED0C0049C031 /* PBXContainerItemProxy */;
		};
/* End PBXTargetDependency section */

/* Begin PBXVariantGroup section */
		233AE5D52901ED0C0049C031 /* LaunchScreen.storyboard */ = {
			isa = PBXVariantGroup;
			children = (
				233AE5D62901ED0C0049C031 /* Base */,
			);
			name = LaunchScreen.storyboard;
			sourceTree = "<group>";
		};
/* End PBXVariantGroup section */

/* Begin XCBuildConfiguration section */
		233AE5EF2901ED0C0049C031 /* Debug */ = {
			isa = XCBuildConfiguration;
			buildSettings = {
				ALWAYS_SEARCH_USER_PATHS = NO;
				CLANG_ANALYZER_NONNULL = YES;
				CLANG_ANALYZER_NUMBER_OBJECT_CONVERSION = YES_AGGRESSIVE;
				CLANG_CXX_LANGUAGE_STANDARD = "gnu++17";
				CLANG_ENABLE_MODULES = YES;
				CLANG_ENABLE_OBJC_ARC = YES;
				CLANG_ENABLE_OBJC_WEAK = YES;
				CLANG_WARN_BLOCK_CAPTURE_AUTORELEASING = YES;
				CLANG_WARN_BOOL_CONVERSION = YES;
				CLANG_WARN_COMMA = YES;
				CLANG_WARN_CONSTANT_CONVERSION = YES;
				CLANG_WARN_DEPRECATED_OBJC_IMPLEMENTATIONS = YES;
				CLANG_WARN_DIRECT_OBJC_ISA_USAGE = YES_ERROR;
				CLANG_WARN_DOCUMENTATION_COMMENTS = YES;
				CLANG_WARN_EMPTY_BODY = YES;
				CLANG_WARN_ENUM_CONVERSION = YES;
				CLANG_WARN_INFINITE_RECURSION = YES;
				CLANG_WARN_INT_CONVERSION = YES;
				CLANG_WARN_NON_LITERAL_NULL_CONVERSION = YES;
				CLANG_WARN_OBJC_IMPLICIT_RETAIN_SELF = YES;
				CLANG_WARN_OBJC_LITERAL_CONVERSION = YES;
				CLANG_WARN_OBJC_ROOT_CLASS = YES_ERROR;
				CLANG_WARN_QUOTED_INCLUDE_IN_FRAMEWORK_HEADER = YES;
				CLANG_WARN_RANGE_LOOP_ANALYSIS = YES;
				CLANG_WARN_STRICT_PROTOTYPES = YES;
				CLANG_WARN_SUSPICIOUS_MOVE = YES;
				CLANG_WARN_UNGUARDED_AVAILABILITY = YES_AGGRESSIVE;
				CLANG_WARN_UNREACHABLE_CODE = YES;
				CLANG_WARN__DUPLICATE_METHOD_MATCH = YES;
				COPY_PHASE_STRIP = NO;
				DEBUG_INFORMATION_FORMAT = dwarf;
				ENABLE_STRICT_OBJC_MSGSEND = YES;
				ENABLE_TESTABILITY = YES;
				GCC_C_LANGUAGE_STANDARD = gnu11;
				GCC_DYNAMIC_NO_PIC = NO;
				GCC_NO_COMMON_BLOCKS = YES;
				GCC_OPTIMIZATION_LEVEL = 0;
				GCC_PREPROCESSOR_DEFINITIONS = (
					"DEBUG=1",
					"$(inherited)",
				);
				GCC_WARN_64_TO_32_BIT_CONVERSION = YES;
				GCC_WARN_ABOUT_RETURN_TYPE = YES_ERROR;
				GCC_WARN_UNDECLARED_SELECTOR = YES;
				GCC_WARN_UNINITIALIZED_AUTOS = YES_AGGRESSIVE;
				GCC_WARN_UNUSED_FUNCTION = YES;
				GCC_WARN_UNUSED_VARIABLE = YES;
				IPHONEOS_DEPLOYMENT_TARGET = 15.5;
				MTL_ENABLE_DEBUG_INFO = INCLUDE_SOURCE;
				MTL_FAST_MATH = YES;
				ONLY_ACTIVE_ARCH = YES;
				SDKROOT = iphoneos;
				SWIFT_ACTIVE_COMPILATION_CONDITIONS = DEBUG;
				SWIFT_OPTIMIZATION_LEVEL = "-Onone";
			};
			name = Debug;
		};
		233AE5F02901ED0C0049C031 /* Release */ = {
			isa = XCBuildConfiguration;
			buildSettings = {
				ALWAYS_SEARCH_USER_PATHS = NO;
				CLANG_ANALYZER_NONNULL = YES;
				CLANG_ANALYZER_NUMBER_OBJECT_CONVERSION = YES_AGGRESSIVE;
				CLANG_CXX_LANGUAGE_STANDARD = "gnu++17";
				CLANG_ENABLE_MODULES = YES;
				CLANG_ENABLE_OBJC_ARC = YES;
				CLANG_ENABLE_OBJC_WEAK = YES;
				CLANG_WARN_BLOCK_CAPTURE_AUTORELEASING = YES;
				CLANG_WARN_BOOL_CONVERSION = YES;
				CLANG_WARN_COMMA = YES;
				CLANG_WARN_CONSTANT_CONVERSION = YES;
				CLANG_WARN_DEPRECATED_OBJC_IMPLEMENTATIONS = YES;
				CLANG_WARN_DIRECT_OBJC_ISA_USAGE = YES_ERROR;
				CLANG_WARN_DOCUMENTATION_COMMENTS = YES;
				CLANG_WARN_EMPTY_BODY = YES;
				CLANG_WARN_ENUM_CONVERSION = YES;
				CLANG_WARN_INFINITE_RECURSION = YES;
				CLANG_WARN_INT_CONVERSION = YES;
				CLANG_WARN_NON_LITERAL_NULL_CONVERSION = YES;
				CLANG_WARN_OBJC_IMPLICIT_RETAIN_SELF = YES;
				CLANG_WARN_OBJC_LITERAL_CONVERSION = YES;
				CLANG_WARN_OBJC_ROOT_CLASS = YES_ERROR;
				CLANG_WARN_QUOTED_INCLUDE_IN_FRAMEWORK_HEADER = YES;
				CLANG_WARN_RANGE_LOOP_ANALYSIS = YES;
				CLANG_WARN_STRICT_PROTOTYPES = YES;
				CLANG_WARN_SUSPICIOUS_MOVE = YES;
				CLANG_WARN_UNGUARDED_AVAILABILITY = YES_AGGRESSIVE;
				CLANG_WARN_UNREACHABLE_CODE = YES;
				CLANG_WARN__DUPLICATE_METHOD_MATCH = YES;
				COPY_PHASE_STRIP = NO;
				DEBUG_INFORMATION_FORMAT = "dwarf-with-dsym";
				ENABLE_NS_ASSERTIONS = NO;
				ENABLE_STRICT_OBJC_MSGSEND = YES;
				GCC_C_LANGUAGE_STANDARD = gnu11;
				GCC_NO_COMMON_BLOCKS = YES;
				GCC_WARN_64_TO_32_BIT_CONVERSION = YES;
				GCC_WARN_ABOUT_RETURN_TYPE = YES_ERROR;
				GCC_WARN_UNDECLARED_SELECTOR = YES;
				GCC_WARN_UNINITIALIZED_AUTOS = YES_AGGRESSIVE;
				GCC_WARN_UNUSED_FUNCTION = YES;
				GCC_WARN_UNUSED_VARIABLE = YES;
				IPHONEOS_DEPLOYMENT_TARGET = 15.5;
				MTL_ENABLE_DEBUG_INFO = NO;
				MTL_FAST_MATH = YES;
				SDKROOT = iphoneos;
				SWIFT_COMPILATION_MODE = wholemodule;
				SWIFT_OPTIMIZATION_LEVEL = "-O";
				VALIDATE_PRODUCT = YES;
			};
			name = Release;
		};
		233AE5F22901ED0C0049C031 /* Debug */ = {
			isa = XCBuildConfiguration;
			baseConfigurationReference = B8EAC4AF709750F0B21E2628 /* Pods-Offline Info.debug.xcconfig */;
			buildSettings = {
				ASSETCATALOG_COMPILER_APPICON_NAME = AppIcon;
				ASSETCATALOG_COMPILER_GLOBAL_ACCENT_COLOR_NAME = AccentColor;
				CODE_SIGN_STYLE = Automatic;
				CURRENT_PROJECT_VERSION = 1;
				GENERATE_INFOPLIST_FILE = YES;
				INFOPLIST_FILE = "Offline Info/Info.plist";
				INFOPLIST_KEY_UIApplicationSupportsIndirectInputEvents = YES;
				INFOPLIST_KEY_UILaunchStoryboardName = LaunchScreen;
				INFOPLIST_KEY_UISupportedInterfaceOrientations = UIInterfaceOrientationPortrait;
				INFOPLIST_KEY_UISupportedInterfaceOrientations_iPad = "UIInterfaceOrientationPortrait UIInterfaceOrientationPortraitUpsideDown UIInterfaceOrientationLandscapeLeft UIInterfaceOrientationLandscapeRight";
				INFOPLIST_KEY_UISupportedInterfaceOrientations_iPhone = "UIInterfaceOrientationPortrait UIInterfaceOrientationLandscapeLeft UIInterfaceOrientationLandscapeRight";
				IPHONEOS_DEPLOYMENT_TARGET = 15.0;
				LD_RUNPATH_SEARCH_PATHS = (
					"$(inherited)",
					"@executable_path/Frameworks",
				);
				MARKETING_VERSION = 1.0;
				PRODUCT_BUNDLE_IDENTIFIER = "KremnevViacheslav.Offline-Info";
				PRODUCT_NAME = "$(TARGET_NAME)";
				SWIFT_EMIT_LOC_STRINGS = YES;
				SWIFT_VERSION = 5.0;
				TARGETED_DEVICE_FAMILY = 1;
			};
			name = Debug;
		};
		233AE5F32901ED0C0049C031 /* Release */ = {
			isa = XCBuildConfiguration;
			baseConfigurationReference = 8D31FB9B11BF765F9919318D /* Pods-Offline Info.release.xcconfig */;
			buildSettings = {
				ASSETCATALOG_COMPILER_APPICON_NAME = AppIcon;
				ASSETCATALOG_COMPILER_GLOBAL_ACCENT_COLOR_NAME = AccentColor;
				CODE_SIGN_STYLE = Automatic;
				CURRENT_PROJECT_VERSION = 1;
				GENERATE_INFOPLIST_FILE = YES;
				INFOPLIST_FILE = "Offline Info/Info.plist";
				INFOPLIST_KEY_UIApplicationSupportsIndirectInputEvents = YES;
				INFOPLIST_KEY_UILaunchStoryboardName = LaunchScreen;
				INFOPLIST_KEY_UISupportedInterfaceOrientations = UIInterfaceOrientationPortrait;
				INFOPLIST_KEY_UISupportedInterfaceOrientations_iPad = "UIInterfaceOrientationPortrait UIInterfaceOrientationPortraitUpsideDown UIInterfaceOrientationLandscapeLeft UIInterfaceOrientationLandscapeRight";
				INFOPLIST_KEY_UISupportedInterfaceOrientations_iPhone = "UIInterfaceOrientationPortrait UIInterfaceOrientationLandscapeLeft UIInterfaceOrientationLandscapeRight";
				IPHONEOS_DEPLOYMENT_TARGET = 15.0;
				LD_RUNPATH_SEARCH_PATHS = (
					"$(inherited)",
					"@executable_path/Frameworks",
				);
				MARKETING_VERSION = 1.0;
				PRODUCT_BUNDLE_IDENTIFIER = "KremnevViacheslav.Offline-Info";
				PRODUCT_NAME = "$(TARGET_NAME)";
				SWIFT_EMIT_LOC_STRINGS = YES;
				SWIFT_VERSION = 5.0;
				TARGETED_DEVICE_FAMILY = 1;
			};
			name = Release;
		};
		233AE5F52901ED0C0049C031 /* Debug */ = {
			isa = XCBuildConfiguration;
			baseConfigurationReference = 4E707449D120951676E93362 /* Pods-Offline InfoTests.debug.xcconfig */;
			buildSettings = {
				ALWAYS_EMBED_SWIFT_STANDARD_LIBRARIES = YES;
				BUNDLE_LOADER = "$(TEST_HOST)";
				CODE_SIGN_STYLE = Automatic;
				CURRENT_PROJECT_VERSION = 1;
				GENERATE_INFOPLIST_FILE = YES;
				IPHONEOS_DEPLOYMENT_TARGET = 15.5;
				MARKETING_VERSION = 1.0;
				PRODUCT_BUNDLE_IDENTIFIER = "KremnevViacheslav.Offline-InfoTests";
				PRODUCT_NAME = "$(TARGET_NAME)";
				SWIFT_EMIT_LOC_STRINGS = NO;
				SWIFT_VERSION = 5.0;
				TARGETED_DEVICE_FAMILY = "1,2";
				TEST_HOST = "$(BUILT_PRODUCTS_DIR)/Offline Info.app/Offline Info";
			};
			name = Debug;
		};
		233AE5F62901ED0C0049C031 /* Release */ = {
			isa = XCBuildConfiguration;
			baseConfigurationReference = 1F576BE46C3A247ADDA7D87A /* Pods-Offline InfoTests.release.xcconfig */;
			buildSettings = {
				ALWAYS_EMBED_SWIFT_STANDARD_LIBRARIES = YES;
				BUNDLE_LOADER = "$(TEST_HOST)";
				CODE_SIGN_STYLE = Automatic;
				CURRENT_PROJECT_VERSION = 1;
				GENERATE_INFOPLIST_FILE = YES;
				IPHONEOS_DEPLOYMENT_TARGET = 15.5;
				MARKETING_VERSION = 1.0;
				PRODUCT_BUNDLE_IDENTIFIER = "KremnevViacheslav.Offline-InfoTests";
				PRODUCT_NAME = "$(TARGET_NAME)";
				SWIFT_EMIT_LOC_STRINGS = NO;
				SWIFT_VERSION = 5.0;
				TARGETED_DEVICE_FAMILY = "1,2";
				TEST_HOST = "$(BUILT_PRODUCTS_DIR)/Offline Info.app/Offline Info";
			};
			name = Release;
		};
		233AE5F82901ED0C0049C031 /* Debug */ = {
			isa = XCBuildConfiguration;
			baseConfigurationReference = CF5076AD46D8D9C2C4658C54 /* Pods-Offline Info-Offline InfoUITests.debug.xcconfig */;
			buildSettings = {
				ALWAYS_EMBED_SWIFT_STANDARD_LIBRARIES = YES;
				CODE_SIGN_STYLE = Automatic;
				CURRENT_PROJECT_VERSION = 1;
				GENERATE_INFOPLIST_FILE = YES;
				MARKETING_VERSION = 1.0;
				PRODUCT_BUNDLE_IDENTIFIER = "KremnevViacheslav.Offline-InfoUITests";
				PRODUCT_NAME = "$(TARGET_NAME)";
				SWIFT_EMIT_LOC_STRINGS = NO;
				SWIFT_VERSION = 5.0;
				TARGETED_DEVICE_FAMILY = "1,2";
				TEST_TARGET_NAME = "Offline Info";
			};
			name = Debug;
		};
		233AE5F92901ED0C0049C031 /* Release */ = {
			isa = XCBuildConfiguration;
			baseConfigurationReference = 413A1CC90EEC16A160AF906F /* Pods-Offline Info-Offline InfoUITests.release.xcconfig */;
			buildSettings = {
				ALWAYS_EMBED_SWIFT_STANDARD_LIBRARIES = YES;
				CODE_SIGN_STYLE = Automatic;
				CURRENT_PROJECT_VERSION = 1;
				GENERATE_INFOPLIST_FILE = YES;
				MARKETING_VERSION = 1.0;
				PRODUCT_BUNDLE_IDENTIFIER = "KremnevViacheslav.Offline-InfoUITests";
				PRODUCT_NAME = "$(TARGET_NAME)";
				SWIFT_EMIT_LOC_STRINGS = NO;
				SWIFT_VERSION = 5.0;
				TARGETED_DEVICE_FAMILY = "1,2";
				TEST_TARGET_NAME = "Offline Info";
			};
			name = Release;
		};
/* End XCBuildConfiguration section */

/* Begin XCConfigurationList section */
		233AE5C22901ED040049C031 /* Build configuration list for PBXProject "Offline Info" */ = {
			isa = XCConfigurationList;
			buildConfigurations = (
				233AE5EF2901ED0C0049C031 /* Debug */,
				233AE5F02901ED0C0049C031 /* Release */,
			);
			defaultConfigurationIsVisible = 0;
			defaultConfigurationName = Release;
		};
		233AE5F12901ED0C0049C031 /* Build configuration list for PBXNativeTarget "Offline Info" */ = {
			isa = XCConfigurationList;
			buildConfigurations = (
				233AE5F22901ED0C0049C031 /* Debug */,
				233AE5F32901ED0C0049C031 /* Release */,
			);
			defaultConfigurationIsVisible = 0;
			defaultConfigurationName = Release;
		};
		233AE5F42901ED0C0049C031 /* Build configuration list for PBXNativeTarget "Offline InfoTests" */ = {
			isa = XCConfigurationList;
			buildConfigurations = (
				233AE5F52901ED0C0049C031 /* Debug */,
				233AE5F62901ED0C0049C031 /* Release */,
			);
			defaultConfigurationIsVisible = 0;
			defaultConfigurationName = Release;
		};
		233AE5F72901ED0C0049C031 /* Build configuration list for PBXNativeTarget "Offline InfoUITests" */ = {
			isa = XCConfigurationList;
			buildConfigurations = (
				233AE5F82901ED0C0049C031 /* Debug */,
				233AE5F92901ED0C0049C031 /* Release */,
			);
			defaultConfigurationIsVisible = 0;
			defaultConfigurationName = Release;
		};
/* End XCConfigurationList section */
	};
	rootObject = 233AE5BF2901ED040049C031 /* Project object */;
}
